// !$*UTF8*$!
{
	archiveVersion = 1;
	classes = {
	};
	objectVersion = 46;
	objects = {

/* Begin PBXBuildFile section */
		35814269906F36F5C4FC10D8 /* libPods-MedicalTechTests.a in Frameworks */ = {isa = PBXBuildFile; fileRef = 768BFE986A470FF9755CC86B /* libPods-MedicalTechTests.a */; };
		896C13F3F28D0E5DD49CBE5D /* libPods-MedicalTech.a in Frameworks */ = {isa = PBXBuildFile; fileRef = 488ACB082AA353EC591E2155 /* libPods-MedicalTech.a */; };
		960BFC4A1D544926006AE57E /* MBProgressUtil.m in Sources */ = {isa = PBXBuildFile; fileRef = 960BFC491D544926006AE57E /* MBProgressUtil.m */; };
		960CE8BF1D61AC9B00DF4E32 /* AdvService.m in Sources */ = {isa = PBXBuildFile; fileRef = 960CE8BE1D61AC9B00DF4E32 /* AdvService.m */; };
		960CE8C21D61B10000DF4E32 /* CourseMovieListService.m in Sources */ = {isa = PBXBuildFile; fileRef = 960CE8C11D61B10000DF4E32 /* CourseMovieListService.m */; };
		960DBFED1D48568000B96D00 /* LoginViewController.m in Sources */ = {isa = PBXBuildFile; fileRef = 960DBFEC1D48568000B96D00 /* LoginViewController.m */; };
		960DCD581D62CB2100236868 /* RelatedCollectionViewCell.m in Sources */ = {isa = PBXBuildFile; fileRef = 960DCD571D62CB2100236868 /* RelatedCollectionViewCell.m */; };
		960DCD5C1D62ECC000236868 /* MyCourseViewController.m in Sources */ = {isa = PBXBuildFile; fileRef = 960DCD5B1D62ECC000236868 /* MyCourseViewController.m */; };
		960DCD5F1D62F1D800236868 /* MyCourseService.m in Sources */ = {isa = PBXBuildFile; fileRef = 960DCD5E1D62F1D800236868 /* MyCourseService.m */; };
		960DCD621D62F47E00236868 /* MyCourseTableViewCell.m in Sources */ = {isa = PBXBuildFile; fileRef = 960DCD611D62F47E00236868 /* MyCourseTableViewCell.m */; };
		96182AB21D51C529004A1A37 /* LoginNavigationController.m in Sources */ = {isa = PBXBuildFile; fileRef = 96182AB11D51C529004A1A37 /* LoginNavigationController.m */; };
		96182AB51D51C53B004A1A37 /* ResetPasswordViewController.m in Sources */ = {isa = PBXBuildFile; fileRef = 96182AB41D51C53B004A1A37 /* ResetPasswordViewController.m */; };
		96182ABC1D51D466004A1A37 /* SMSService.m in Sources */ = {isa = PBXBuildFile; fileRef = 96182ABB1D51D466004A1A37 /* SMSService.m */; };
		96182ABF1D51D79F004A1A37 /* RegisterService.m in Sources */ = {isa = PBXBuildFile; fileRef = 96182ABE1D51D79F004A1A37 /* RegisterService.m */; };
		961BFF131D508B8A009A835E /* GetSmsViewController.m in Sources */ = {isa = PBXBuildFile; fileRef = 961BFF121D508B8A009A835E /* GetSmsViewController.m */; };
		961BFF161D50922F009A835E /* SetPasswordViewController.m in Sources */ = {isa = PBXBuildFile; fileRef = 961BFF151D50922F009A835E /* SetPasswordViewController.m */; };
		961BFF191D50923D009A835E /* LinkCodeViewController.m in Sources */ = {isa = PBXBuildFile; fileRef = 961BFF181D50923D009A835E /* LinkCodeViewController.m */; };
		9648E06B1D2E020300A3A90E /* KNBannerView.m in Sources */ = {isa = PBXBuildFile; fileRef = 9648E0601D2E020300A3A90E /* KNBannerView.m */; };
		9648E06C1D2E020300A3A90E /* KNCollectionViewCell.m in Sources */ = {isa = PBXBuildFile; fileRef = 9648E0621D2E020300A3A90E /* KNCollectionViewCell.m */; };
		9648E06D1D2E020300A3A90E /* KNJudgementTool.m in Sources */ = {isa = PBXBuildFile; fileRef = 9648E0641D2E020300A3A90E /* KNJudgementTool.m */; };
		9648E06E1D2E020300A3A90E /* NSData+KNCache.m in Sources */ = {isa = PBXBuildFile; fileRef = 9648E0661D2E020300A3A90E /* NSData+KNCache.m */; };
		9648E06F1D2E020300A3A90E /* NSString+hash.m in Sources */ = {isa = PBXBuildFile; fileRef = 9648E0681D2E020300A3A90E /* NSString+hash.m */; };
		9648E0701D2E020300A3A90E /* UIView+Extension.m in Sources */ = {isa = PBXBuildFile; fileRef = 9648E06A1D2E020300A3A90E /* UIView+Extension.m */; };
		964EB7871D6C03B900CADC2E /* InboxViewController.m in Sources */ = {isa = PBXBuildFile; fileRef = 964EB7861D6C03B900CADC2E /* InboxViewController.m */; };
		964EB78A1D6C21B700CADC2E /* MainNavigationController.m in Sources */ = {isa = PBXBuildFile; fileRef = 964EB7891D6C21B700CADC2E /* MainNavigationController.m */; };
		965620861D6AAA3900735A59 /* CourseDetailTableViewCell.m in Sources */ = {isa = PBXBuildFile; fileRef = 965620851D6AAA3900735A59 /* CourseDetailTableViewCell.m */; };
		966285AC1D6EA589006F06FC /* InboxService.m in Sources */ = {isa = PBXBuildFile; fileRef = 966285AB1D6EA589006F06FC /* InboxService.m */; };
		966285AF1D6EC321006F06FC /* MessageTableViewCell.m in Sources */ = {isa = PBXBuildFile; fileRef = 966285AE1D6EC321006F06FC /* MessageTableViewCell.m */; };
		9671A79E1D659FEF00FB28EC /* SignService.m in Sources */ = {isa = PBXBuildFile; fileRef = 9671A79D1D659FEF00FB28EC /* SignService.m */; };
		96879A511D3687FB000B8262 /* StudyCollectionViewCell.m in Sources */ = {isa = PBXBuildFile; fileRef = 96879A501D3687FB000B8262 /* StudyCollectionViewCell.m */; };
		9687F7301D3218F60037AAEA /* PlatformTableViewCell.m in Sources */ = {isa = PBXBuildFile; fileRef = 9687F72F1D3218F60037AAEA /* PlatformTableViewCell.m */; };
		968A11341D33E01E00FEDDD4 /* UnicodeToNSStringUtil.m in Sources */ = {isa = PBXBuildFile; fileRef = 968A11331D33E01E00FEDDD4 /* UnicodeToNSStringUtil.m */; };
		968D36CC1D3E6C74000E1102 /* TitleCollectionViewCell.m in Sources */ = {isa = PBXBuildFile; fileRef = 968D36CB1D3E6C74000E1102 /* TitleCollectionViewCell.m */; };
		968D36CF1D3F1A8D000E1102 /* ContentCollectionViewCell.m in Sources */ = {isa = PBXBuildFile; fileRef = 968D36CE1D3F1A8D000E1102 /* ContentCollectionViewCell.m */; };
		9695DE001D392B3900BAE7C2 /* SubjectViewController.m in Sources */ = {isa = PBXBuildFile; fileRef = 9695DDFF1D392B3900BAE7C2 /* SubjectViewController.m */; };
		96A077C81D28E0450089C0A9 /* HMSegmentedControl.m in Sources */ = {isa = PBXBuildFile; fileRef = 96A077C71D28E0450089C0A9 /* HMSegmentedControl.m */; };
		96A132EA1D3FAC410000699D /* PlayerViewController.m in Sources */ = {isa = PBXBuildFile; fileRef = 96A132E91D3FAC410000699D /* PlayerViewController.m */; };
		96C8D1CA1D66BF2800E12465 /* UserInfoService.m in Sources */ = {isa = PBXBuildFile; fileRef = 96C8D1C91D66BF2800E12465 /* UserInfoService.m */; };
		96C8D1CD1D66F78C00E12465 /* LoginService.m in Sources */ = {isa = PBXBuildFile; fileRef = 96C8D1CC1D66F78C00E12465 /* LoginService.m */; };
		96E50E001D47183E0052BF64 /* LeftSideViewController.m in Sources */ = {isa = PBXBuildFile; fileRef = 96E50DFF1D47183E0052BF64 /* LeftSideViewController.m */; };
		96EB5D971D63F82100DCEA6B /* SettingsViewController.m in Sources */ = {isa = PBXBuildFile; fileRef = 96EB5D961D63F82100DCEA6B /* SettingsViewController.m */; };
		96EB5D9B1D6434DF00DCEA6B /* CourseDetailViewController.m in Sources */ = {isa = PBXBuildFile; fileRef = 96EB5D9A1D6434DF00DCEA6B /* CourseDetailViewController.m */; };
		96F1332B1D2642B70097A7D3 /* main.m in Sources */ = {isa = PBXBuildFile; fileRef = 96F1332A1D2642B70097A7D3 /* main.m */; };
		96F1332E1D2642B70097A7D3 /* AppDelegate.m in Sources */ = {isa = PBXBuildFile; fileRef = 96F1332D1D2642B70097A7D3 /* AppDelegate.m */; };
		96F133341D2642B70097A7D3 /* Main.storyboard in Resources */ = {isa = PBXBuildFile; fileRef = 96F133321D2642B70097A7D3 /* Main.storyboard */; };
		96F133361D2642B70097A7D3 /* Assets.xcassets in Resources */ = {isa = PBXBuildFile; fileRef = 96F133351D2642B70097A7D3 /* Assets.xcassets */; };
		96F133391D2642B70097A7D3 /* LaunchScreen.storyboard in Resources */ = {isa = PBXBuildFile; fileRef = 96F133371D2642B70097A7D3 /* LaunchScreen.storyboard */; };
		96F133441D2642B70097A7D3 /* MedicalTechTests.m in Sources */ = {isa = PBXBuildFile; fileRef = 96F133431D2642B70097A7D3 /* MedicalTechTests.m */; };
		96F1334F1D2642B70097A7D3 /* MedicalTechUITests.m in Sources */ = {isa = PBXBuildFile; fileRef = 96F1334E1D2642B70097A7D3 /* MedicalTechUITests.m */; };
		96F1335E1D2643280097A7D3 /* IndexViewController.m in Sources */ = {isa = PBXBuildFile; fileRef = 96F1335D1D2643280097A7D3 /* IndexViewController.m */; };
		D0B4E5C4FDB0A5A642E32713 /* libPods-MedicalTechUITests.a in Frameworks */ = {isa = PBXBuildFile; fileRef = 9339BD68C01B53D9EDB46908 /* libPods-MedicalTechUITests.a */; };
/* End PBXBuildFile section */

/* Begin PBXContainerItemProxy section */
		96F133401D2642B70097A7D3 /* PBXContainerItemProxy */ = {
			isa = PBXContainerItemProxy;
			containerPortal = 96F1331E1D2642B70097A7D3 /* Project object */;
			proxyType = 1;
			remoteGlobalIDString = 96F133251D2642B70097A7D3;
			remoteInfo = MedicalTech;
		};
		96F1334B1D2642B70097A7D3 /* PBXContainerItemProxy */ = {
			isa = PBXContainerItemProxy;
			containerPortal = 96F1331E1D2642B70097A7D3 /* Project object */;
			proxyType = 1;
			remoteGlobalIDString = 96F133251D2642B70097A7D3;
			remoteInfo = MedicalTech;
		};
/* End PBXContainerItemProxy section */

/* Begin PBXFileReference section */
		02EA0539DC719DA1C1FCEB41 /* Pods-MedicalTechUITests.debug.xcconfig */ = {isa = PBXFileReference; includeInIndex = 1; lastKnownFileType = text.xcconfig; name = "Pods-MedicalTechUITests.debug.xcconfig"; path = "Pods/Target Support Files/Pods-MedicalTechUITests/Pods-MedicalTechUITests.debug.xcconfig"; sourceTree = "<group>"; };
		326EDC0A220671CB02F976FA /* Pods-MedicalTechTests.debug.xcconfig */ = {isa = PBXFileReference; includeInIndex = 1; lastKnownFileType = text.xcconfig; name = "Pods-MedicalTechTests.debug.xcconfig"; path = "Pods/Target Support Files/Pods-MedicalTechTests/Pods-MedicalTechTests.debug.xcconfig"; sourceTree = "<group>"; };
		3682874EF0D1B41673A15DFA /* Pods-MedicalTechUITests.release.xcconfig */ = {isa = PBXFileReference; includeInIndex = 1; lastKnownFileType = text.xcconfig; name = "Pods-MedicalTechUITests.release.xcconfig"; path = "Pods/Target Support Files/Pods-MedicalTechUITests/Pods-MedicalTechUITests.release.xcconfig"; sourceTree = "<group>"; };
		488ACB082AA353EC591E2155 /* libPods-MedicalTech.a */ = {isa = PBXFileReference; explicitFileType = archive.ar; includeInIndex = 0; path = "libPods-MedicalTech.a"; sourceTree = BUILT_PRODUCTS_DIR; };
		63968919CBCB57FC9520AB6C /* Pods-MedicalTechTests.release.xcconfig */ = {isa = PBXFileReference; includeInIndex = 1; lastKnownFileType = text.xcconfig; name = "Pods-MedicalTechTests.release.xcconfig"; path = "Pods/Target Support Files/Pods-MedicalTechTests/Pods-MedicalTechTests.release.xcconfig"; sourceTree = "<group>"; };
		768BFE986A470FF9755CC86B /* libPods-MedicalTechTests.a */ = {isa = PBXFileReference; explicitFileType = archive.ar; includeInIndex = 0; path = "libPods-MedicalTechTests.a"; sourceTree = BUILT_PRODUCTS_DIR; };
		9339BD68C01B53D9EDB46908 /* libPods-MedicalTechUITests.a */ = {isa = PBXFileReference; explicitFileType = archive.ar; includeInIndex = 0; path = "libPods-MedicalTechUITests.a"; sourceTree = BUILT_PRODUCTS_DIR; };
		960BFC481D544926006AE57E /* MBProgressUtil.h */ = {isa = PBXFileReference; fileEncoding = 4; lastKnownFileType = sourcecode.c.h; path = MBProgressUtil.h; sourceTree = "<group>"; };
		960BFC491D544926006AE57E /* MBProgressUtil.m */ = {isa = PBXFileReference; fileEncoding = 4; lastKnownFileType = sourcecode.c.objc; path = MBProgressUtil.m; sourceTree = "<group>"; };
		960CE8BD1D61AC9B00DF4E32 /* AdvService.h */ = {isa = PBXFileReference; fileEncoding = 4; lastKnownFileType = sourcecode.c.h; path = AdvService.h; sourceTree = "<group>"; };
		960CE8BE1D61AC9B00DF4E32 /* AdvService.m */ = {isa = PBXFileReference; fileEncoding = 4; lastKnownFileType = sourcecode.c.objc; path = AdvService.m; sourceTree = "<group>"; };
		960CE8C01D61B10000DF4E32 /* CourseMovieListService.h */ = {isa = PBXFileReference; fileEncoding = 4; lastKnownFileType = sourcecode.c.h; path = CourseMovieListService.h; sourceTree = "<group>"; };
		960CE8C11D61B10000DF4E32 /* CourseMovieListService.m */ = {isa = PBXFileReference; fileEncoding = 4; lastKnownFileType = sourcecode.c.objc; path = CourseMovieListService.m; sourceTree = "<group>"; };
		960DBFEB1D48568000B96D00 /* LoginViewController.h */ = {isa = PBXFileReference; fileEncoding = 4; lastKnownFileType = sourcecode.c.h; path = LoginViewController.h; sourceTree = "<group>"; };
		960DBFEC1D48568000B96D00 /* LoginViewController.m */ = {isa = PBXFileReference; fileEncoding = 4; lastKnownFileType = sourcecode.c.objc; path = LoginViewController.m; sourceTree = "<group>"; };
		960DCD561D62CB2100236868 /* RelatedCollectionViewCell.h */ = {isa = PBXFileReference; fileEncoding = 4; lastKnownFileType = sourcecode.c.h; path = RelatedCollectionViewCell.h; sourceTree = "<group>"; };
		960DCD571D62CB2100236868 /* RelatedCollectionViewCell.m */ = {isa = PBXFileReference; fileEncoding = 4; lastKnownFileType = sourcecode.c.objc; path = RelatedCollectionViewCell.m; sourceTree = "<group>"; };
		960DCD5A1D62ECC000236868 /* MyCourseViewController.h */ = {isa = PBXFileReference; fileEncoding = 4; lastKnownFileType = sourcecode.c.h; path = MyCourseViewController.h; sourceTree = "<group>"; };
		960DCD5B1D62ECC000236868 /* MyCourseViewController.m */ = {isa = PBXFileReference; fileEncoding = 4; lastKnownFileType = sourcecode.c.objc; path = MyCourseViewController.m; sourceTree = "<group>"; };
		960DCD5D1D62F1D800236868 /* MyCourseService.h */ = {isa = PBXFileReference; fileEncoding = 4; lastKnownFileType = sourcecode.c.h; path = MyCourseService.h; sourceTree = "<group>"; };
		960DCD5E1D62F1D800236868 /* MyCourseService.m */ = {isa = PBXFileReference; fileEncoding = 4; lastKnownFileType = sourcecode.c.objc; path = MyCourseService.m; sourceTree = "<group>"; };
		960DCD601D62F47E00236868 /* MyCourseTableViewCell.h */ = {isa = PBXFileReference; fileEncoding = 4; lastKnownFileType = sourcecode.c.h; path = MyCourseTableViewCell.h; sourceTree = "<group>"; };
		960DCD611D62F47E00236868 /* MyCourseTableViewCell.m */ = {isa = PBXFileReference; fileEncoding = 4; lastKnownFileType = sourcecode.c.objc; path = MyCourseTableViewCell.m; sourceTree = "<group>"; };
		96182AB01D51C529004A1A37 /* LoginNavigationController.h */ = {isa = PBXFileReference; fileEncoding = 4; lastKnownFileType = sourcecode.c.h; path = LoginNavigationController.h; sourceTree = "<group>"; };
		96182AB11D51C529004A1A37 /* LoginNavigationController.m */ = {isa = PBXFileReference; fileEncoding = 4; lastKnownFileType = sourcecode.c.objc; path = LoginNavigationController.m; sourceTree = "<group>"; };
		96182AB31D51C53B004A1A37 /* ResetPasswordViewController.h */ = {isa = PBXFileReference; fileEncoding = 4; lastKnownFileType = sourcecode.c.h; path = ResetPasswordViewController.h; sourceTree = "<group>"; };
		96182AB41D51C53B004A1A37 /* ResetPasswordViewController.m */ = {isa = PBXFileReference; fileEncoding = 4; lastKnownFileType = sourcecode.c.objc; path = ResetPasswordViewController.m; sourceTree = "<group>"; };
		96182ABA1D51D466004A1A37 /* SMSService.h */ = {isa = PBXFileReference; fileEncoding = 4; lastKnownFileType = sourcecode.c.h; path = SMSService.h; sourceTree = "<group>"; };
		96182ABB1D51D466004A1A37 /* SMSService.m */ = {isa = PBXFileReference; fileEncoding = 4; lastKnownFileType = sourcecode.c.objc; path = SMSService.m; sourceTree = "<group>"; };
		96182ABD1D51D79F004A1A37 /* RegisterService.h */ = {isa = PBXFileReference; fileEncoding = 4; lastKnownFileType = sourcecode.c.h; path = RegisterService.h; sourceTree = "<group>"; };
		96182ABE1D51D79F004A1A37 /* RegisterService.m */ = {isa = PBXFileReference; fileEncoding = 4; lastKnownFileType = sourcecode.c.objc; path = RegisterService.m; sourceTree = "<group>"; };
		961BFF111D508B8A009A835E /* GetSmsViewController.h */ = {isa = PBXFileReference; fileEncoding = 4; lastKnownFileType = sourcecode.c.h; path = GetSmsViewController.h; sourceTree = "<group>"; };
		961BFF121D508B8A009A835E /* GetSmsViewController.m */ = {isa = PBXFileReference; fileEncoding = 4; lastKnownFileType = sourcecode.c.objc; path = GetSmsViewController.m; sourceTree = "<group>"; };
		961BFF141D50922F009A835E /* SetPasswordViewController.h */ = {isa = PBXFileReference; fileEncoding = 4; lastKnownFileType = sourcecode.c.h; path = SetPasswordViewController.h; sourceTree = "<group>"; };
		961BFF151D50922F009A835E /* SetPasswordViewController.m */ = {isa = PBXFileReference; fileEncoding = 4; lastKnownFileType = sourcecode.c.objc; path = SetPasswordViewController.m; sourceTree = "<group>"; };
		961BFF171D50923D009A835E /* LinkCodeViewController.h */ = {isa = PBXFileReference; fileEncoding = 4; lastKnownFileType = sourcecode.c.h; path = LinkCodeViewController.h; sourceTree = "<group>"; };
		961BFF181D50923D009A835E /* LinkCodeViewController.m */ = {isa = PBXFileReference; fileEncoding = 4; lastKnownFileType = sourcecode.c.objc; path = LinkCodeViewController.m; sourceTree = "<group>"; };
		9648E05F1D2E020300A3A90E /* KNBannerView.h */ = {isa = PBXFileReference; fileEncoding = 4; lastKnownFileType = sourcecode.c.h; path = KNBannerView.h; sourceTree = "<group>"; };
		9648E0601D2E020300A3A90E /* KNBannerView.m */ = {isa = PBXFileReference; fileEncoding = 4; lastKnownFileType = sourcecode.c.objc; path = KNBannerView.m; sourceTree = "<group>"; };
		9648E0611D2E020300A3A90E /* KNCollectionViewCell.h */ = {isa = PBXFileReference; fileEncoding = 4; lastKnownFileType = sourcecode.c.h; path = KNCollectionViewCell.h; sourceTree = "<group>"; };
		9648E0621D2E020300A3A90E /* KNCollectionViewCell.m */ = {isa = PBXFileReference; fileEncoding = 4; lastKnownFileType = sourcecode.c.objc; path = KNCollectionViewCell.m; sourceTree = "<group>"; };
		9648E0631D2E020300A3A90E /* KNJudgementTool.h */ = {isa = PBXFileReference; fileEncoding = 4; lastKnownFileType = sourcecode.c.h; path = KNJudgementTool.h; sourceTree = "<group>"; };
		9648E0641D2E020300A3A90E /* KNJudgementTool.m */ = {isa = PBXFileReference; fileEncoding = 4; lastKnownFileType = sourcecode.c.objc; path = KNJudgementTool.m; sourceTree = "<group>"; };
		9648E0651D2E020300A3A90E /* NSData+KNCache.h */ = {isa = PBXFileReference; fileEncoding = 4; lastKnownFileType = sourcecode.c.h; path = "NSData+KNCache.h"; sourceTree = "<group>"; };
		9648E0661D2E020300A3A90E /* NSData+KNCache.m */ = {isa = PBXFileReference; fileEncoding = 4; lastKnownFileType = sourcecode.c.objc; path = "NSData+KNCache.m"; sourceTree = "<group>"; };
		9648E0671D2E020300A3A90E /* NSString+hash.h */ = {isa = PBXFileReference; fileEncoding = 4; lastKnownFileType = sourcecode.c.h; path = "NSString+hash.h"; sourceTree = "<group>"; };
		9648E0681D2E020300A3A90E /* NSString+hash.m */ = {isa = PBXFileReference; fileEncoding = 4; lastKnownFileType = sourcecode.c.objc; path = "NSString+hash.m"; sourceTree = "<group>"; };
		9648E0691D2E020300A3A90E /* UIView+Extension.h */ = {isa = PBXFileReference; fileEncoding = 4; lastKnownFileType = sourcecode.c.h; path = "UIView+Extension.h"; sourceTree = "<group>"; };
		9648E06A1D2E020300A3A90E /* UIView+Extension.m */ = {isa = PBXFileReference; fileEncoding = 4; lastKnownFileType = sourcecode.c.objc; path = "UIView+Extension.m"; sourceTree = "<group>"; };
		9648E0711D2E043D00A3A90E /* PrefixHeader.pch */ = {isa = PBXFileReference; lastKnownFileType = sourcecode.c.h; path = PrefixHeader.pch; sourceTree = "<group>"; };
		964EB7851D6C03B900CADC2E /* InboxViewController.h */ = {isa = PBXFileReference; fileEncoding = 4; lastKnownFileType = sourcecode.c.h; path = InboxViewController.h; sourceTree = "<group>"; };
		964EB7861D6C03B900CADC2E /* InboxViewController.m */ = {isa = PBXFileReference; fileEncoding = 4; lastKnownFileType = sourcecode.c.objc; path = InboxViewController.m; sourceTree = "<group>"; };
		964EB7881D6C21B700CADC2E /* MainNavigationController.h */ = {isa = PBXFileReference; fileEncoding = 4; lastKnownFileType = sourcecode.c.h; path = MainNavigationController.h; sourceTree = "<group>"; };
		964EB7891D6C21B700CADC2E /* MainNavigationController.m */ = {isa = PBXFileReference; fileEncoding = 4; lastKnownFileType = sourcecode.c.objc; path = MainNavigationController.m; sourceTree = "<group>"; };
		965620841D6AAA3900735A59 /* CourseDetailTableViewCell.h */ = {isa = PBXFileReference; fileEncoding = 4; lastKnownFileType = sourcecode.c.h; path = CourseDetailTableViewCell.h; sourceTree = "<group>"; };
		965620851D6AAA3900735A59 /* CourseDetailTableViewCell.m */ = {isa = PBXFileReference; fileEncoding = 4; lastKnownFileType = sourcecode.c.objc; path = CourseDetailTableViewCell.m; sourceTree = "<group>"; };
		966285AA1D6EA589006F06FC /* InboxService.h */ = {isa = PBXFileReference; fileEncoding = 4; lastKnownFileType = sourcecode.c.h; path = InboxService.h; sourceTree = "<group>"; };
		966285AB1D6EA589006F06FC /* InboxService.m */ = {isa = PBXFileReference; fileEncoding = 4; lastKnownFileType = sourcecode.c.objc; path = InboxService.m; sourceTree = "<group>"; };
		966285AD1D6EC321006F06FC /* MessageTableViewCell.h */ = {isa = PBXFileReference; fileEncoding = 4; lastKnownFileType = sourcecode.c.h; path = MessageTableViewCell.h; sourceTree = "<group>"; };
		966285AE1D6EC321006F06FC /* MessageTableViewCell.m */ = {isa = PBXFileReference; fileEncoding = 4; lastKnownFileType = sourcecode.c.objc; path = MessageTableViewCell.m; sourceTree = "<group>"; };
		9671A79C1D659FEF00FB28EC /* SignService.h */ = {isa = PBXFileReference; fileEncoding = 4; lastKnownFileType = sourcecode.c.h; path = SignService.h; sourceTree = "<group>"; };
		9671A79D1D659FEF00FB28EC /* SignService.m */ = {isa = PBXFileReference; fileEncoding = 4; lastKnownFileType = sourcecode.c.objc; path = SignService.m; sourceTree = "<group>"; };
		96879A4F1D3687FB000B8262 /* StudyCollectionViewCell.h */ = {isa = PBXFileReference; fileEncoding = 4; lastKnownFileType = sourcecode.c.h; path = StudyCollectionViewCell.h; sourceTree = "<group>"; };
		96879A501D3687FB000B8262 /* StudyCollectionViewCell.m */ = {isa = PBXFileReference; fileEncoding = 4; lastKnownFileType = sourcecode.c.objc; path = StudyCollectionViewCell.m; sourceTree = "<group>"; };
		9687F72E1D3218F60037AAEA /* PlatformTableViewCell.h */ = {isa = PBXFileReference; fileEncoding = 4; lastKnownFileType = sourcecode.c.h; path = PlatformTableViewCell.h; sourceTree = "<group>"; };
		9687F72F1D3218F60037AAEA /* PlatformTableViewCell.m */ = {isa = PBXFileReference; fileEncoding = 4; lastKnownFileType = sourcecode.c.objc; path = PlatformTableViewCell.m; sourceTree = "<group>"; };
		968A11321D33E01E00FEDDD4 /* UnicodeToNSStringUtil.h */ = {isa = PBXFileReference; fileEncoding = 4; lastKnownFileType = sourcecode.c.h; path = UnicodeToNSStringUtil.h; sourceTree = "<group>"; };
		968A11331D33E01E00FEDDD4 /* UnicodeToNSStringUtil.m */ = {isa = PBXFileReference; fileEncoding = 4; lastKnownFileType = sourcecode.c.objc; path = UnicodeToNSStringUtil.m; sourceTree = "<group>"; };
		968D36CA1D3E6C74000E1102 /* TitleCollectionViewCell.h */ = {isa = PBXFileReference; fileEncoding = 4; lastKnownFileType = sourcecode.c.h; path = TitleCollectionViewCell.h; sourceTree = "<group>"; };
		968D36CB1D3E6C74000E1102 /* TitleCollectionViewCell.m */ = {isa = PBXFileReference; fileEncoding = 4; lastKnownFileType = sourcecode.c.objc; path = TitleCollectionViewCell.m; sourceTree = "<group>"; };
		968D36CD1D3F1A8D000E1102 /* ContentCollectionViewCell.h */ = {isa = PBXFileReference; fileEncoding = 4; lastKnownFileType = sourcecode.c.h; path = ContentCollectionViewCell.h; sourceTree = "<group>"; };
		968D36CE1D3F1A8D000E1102 /* ContentCollectionViewCell.m */ = {isa = PBXFileReference; fileEncoding = 4; lastKnownFileType = sourcecode.c.objc; path = ContentCollectionViewCell.m; sourceTree = "<group>"; };
		9695DDFE1D392B3900BAE7C2 /* SubjectViewController.h */ = {isa = PBXFileReference; fileEncoding = 4; lastKnownFileType = sourcecode.c.h; path = SubjectViewController.h; sourceTree = "<group>"; };
		9695DDFF1D392B3900BAE7C2 /* SubjectViewController.m */ = {isa = PBXFileReference; fileEncoding = 4; lastKnownFileType = sourcecode.c.objc; path = SubjectViewController.m; sourceTree = "<group>"; };
		96A077BB1D28DEF90089C0A9 /* QuartzCore.framework */ = {isa = PBXFileReference; lastKnownFileType = wrapper.framework; name = QuartzCore.framework; path = System/Library/Frameworks/QuartzCore.framework; sourceTree = SDKROOT; };
		96A077BD1D28DF080089C0A9 /* UIKit.framework */ = {isa = PBXFileReference; lastKnownFileType = wrapper.framework; name = UIKit.framework; path = System/Library/Frameworks/UIKit.framework; sourceTree = SDKROOT; };
		96A077C61D28E0450089C0A9 /* HMSegmentedControl.h */ = {isa = PBXFileReference; fileEncoding = 4; lastKnownFileType = sourcecode.c.h; path = HMSegmentedControl.h; sourceTree = "<group>"; };
		96A077C71D28E0450089C0A9 /* HMSegmentedControl.m */ = {isa = PBXFileReference; fileEncoding = 4; lastKnownFileType = sourcecode.c.objc; path = HMSegmentedControl.m; sourceTree = "<group>"; };
		96A132E81D3FAC410000699D /* PlayerViewController.h */ = {isa = PBXFileReference; fileEncoding = 4; lastKnownFileType = sourcecode.c.h; path = PlayerViewController.h; sourceTree = "<group>"; };
		96A132E91D3FAC410000699D /* PlayerViewController.m */ = {isa = PBXFileReference; fileEncoding = 4; lastKnownFileType = sourcecode.c.objc; path = PlayerViewController.m; sourceTree = "<group>"; };
		96C8D1C81D66BF2800E12465 /* UserInfoService.h */ = {isa = PBXFileReference; fileEncoding = 4; lastKnownFileType = sourcecode.c.h; path = UserInfoService.h; sourceTree = "<group>"; };
		96C8D1C91D66BF2800E12465 /* UserInfoService.m */ = {isa = PBXFileReference; fileEncoding = 4; lastKnownFileType = sourcecode.c.objc; path = UserInfoService.m; sourceTree = "<group>"; };
		96C8D1CB1D66F78C00E12465 /* LoginService.h */ = {isa = PBXFileReference; fileEncoding = 4; lastKnownFileType = sourcecode.c.h; path = LoginService.h; sourceTree = "<group>"; };
		96C8D1CC1D66F78C00E12465 /* LoginService.m */ = {isa = PBXFileReference; fileEncoding = 4; lastKnownFileType = sourcecode.c.objc; path = LoginService.m; sourceTree = "<group>"; };
		96E50DFE1D47183E0052BF64 /* LeftSideViewController.h */ = {isa = PBXFileReference; fileEncoding = 4; lastKnownFileType = sourcecode.c.h; path = LeftSideViewController.h; sourceTree = "<group>"; };
		96E50DFF1D47183E0052BF64 /* LeftSideViewController.m */ = {isa = PBXFileReference; fileEncoding = 4; lastKnownFileType = sourcecode.c.objc; path = LeftSideViewController.m; sourceTree = "<group>"; };
		96EB5D951D63F82100DCEA6B /* SettingsViewController.h */ = {isa = PBXFileReference; fileEncoding = 4; lastKnownFileType = sourcecode.c.h; path = SettingsViewController.h; sourceTree = "<group>"; };
		96EB5D961D63F82100DCEA6B /* SettingsViewController.m */ = {isa = PBXFileReference; fileEncoding = 4; lastKnownFileType = sourcecode.c.objc; path = SettingsViewController.m; sourceTree = "<group>"; };
		96EB5D991D6434DF00DCEA6B /* CourseDetailViewController.h */ = {isa = PBXFileReference; fileEncoding = 4; lastKnownFileType = sourcecode.c.h; path = CourseDetailViewController.h; sourceTree = "<group>"; };
		96EB5D9A1D6434DF00DCEA6B /* CourseDetailViewController.m */ = {isa = PBXFileReference; fileEncoding = 4; lastKnownFileType = sourcecode.c.objc; path = CourseDetailViewController.m; sourceTree = "<group>"; };
		96F133261D2642B70097A7D3 /* MedicalTech.app */ = {isa = PBXFileReference; explicitFileType = wrapper.application; includeInIndex = 0; path = MedicalTech.app; sourceTree = BUILT_PRODUCTS_DIR; };
		96F1332A1D2642B70097A7D3 /* main.m */ = {isa = PBXFileReference; lastKnownFileType = sourcecode.c.objc; path = main.m; sourceTree = "<group>"; };
		96F1332C1D2642B70097A7D3 /* AppDelegate.h */ = {isa = PBXFileReference; lastKnownFileType = sourcecode.c.h; path = AppDelegate.h; sourceTree = "<group>"; };
		96F1332D1D2642B70097A7D3 /* AppDelegate.m */ = {isa = PBXFileReference; lastKnownFileType = sourcecode.c.objc; path = AppDelegate.m; sourceTree = "<group>"; };
		96F133331D2642B70097A7D3 /* Base */ = {isa = PBXFileReference; lastKnownFileType = file.storyboard; name = Base; path = Base.lproj/Main.storyboard; sourceTree = "<group>"; };
		96F133351D2642B70097A7D3 /* Assets.xcassets */ = {isa = PBXFileReference; lastKnownFileType = folder.assetcatalog; path = Assets.xcassets; sourceTree = "<group>"; };
		96F133381D2642B70097A7D3 /* Base */ = {isa = PBXFileReference; lastKnownFileType = file.storyboard; name = Base; path = Base.lproj/LaunchScreen.storyboard; sourceTree = "<group>"; };
		96F1333A1D2642B70097A7D3 /* Info.plist */ = {isa = PBXFileReference; lastKnownFileType = text.plist.xml; path = Info.plist; sourceTree = "<group>"; };
		96F1333F1D2642B70097A7D3 /* MedicalTechTests.xctest */ = {isa = PBXFileReference; explicitFileType = wrapper.cfbundle; includeInIndex = 0; path = MedicalTechTests.xctest; sourceTree = BUILT_PRODUCTS_DIR; };
		96F133431D2642B70097A7D3 /* MedicalTechTests.m */ = {isa = PBXFileReference; lastKnownFileType = sourcecode.c.objc; path = MedicalTechTests.m; sourceTree = "<group>"; };
		96F133451D2642B70097A7D3 /* Info.plist */ = {isa = PBXFileReference; lastKnownFileType = text.plist.xml; path = Info.plist; sourceTree = "<group>"; };
		96F1334A1D2642B70097A7D3 /* MedicalTechUITests.xctest */ = {isa = PBXFileReference; explicitFileType = wrapper.cfbundle; includeInIndex = 0; path = MedicalTechUITests.xctest; sourceTree = BUILT_PRODUCTS_DIR; };
		96F1334E1D2642B70097A7D3 /* MedicalTechUITests.m */ = {isa = PBXFileReference; lastKnownFileType = sourcecode.c.objc; path = MedicalTechUITests.m; sourceTree = "<group>"; };
		96F133501D2642B70097A7D3 /* Info.plist */ = {isa = PBXFileReference; lastKnownFileType = text.plist.xml; path = Info.plist; sourceTree = "<group>"; };
		96F1335C1D2643280097A7D3 /* IndexViewController.h */ = {isa = PBXFileReference; fileEncoding = 4; lastKnownFileType = sourcecode.c.h; path = IndexViewController.h; sourceTree = "<group>"; };
		96F1335D1D2643280097A7D3 /* IndexViewController.m */ = {isa = PBXFileReference; fileEncoding = 4; lastKnownFileType = sourcecode.c.objc; path = IndexViewController.m; sourceTree = "<group>"; };
		AB025E3C502BAE8040654D12 /* Pods-MedicalTech.debug.xcconfig */ = {isa = PBXFileReference; includeInIndex = 1; lastKnownFileType = text.xcconfig; name = "Pods-MedicalTech.debug.xcconfig"; path = "Pods/Target Support Files/Pods-MedicalTech/Pods-MedicalTech.debug.xcconfig"; sourceTree = "<group>"; };
		F9C53D8AC4A7CA87352F20C9 /* Pods-MedicalTech.release.xcconfig */ = {isa = PBXFileReference; includeInIndex = 1; lastKnownFileType = text.xcconfig; name = "Pods-MedicalTech.release.xcconfig"; path = "Pods/Target Support Files/Pods-MedicalTech/Pods-MedicalTech.release.xcconfig"; sourceTree = "<group>"; };
/* End PBXFileReference section */

/* Begin PBXFrameworksBuildPhase section */
		96F133231D2642B70097A7D3 /* Frameworks */ = {
			isa = PBXFrameworksBuildPhase;
			buildActionMask = 2147483647;
			files = (
				896C13F3F28D0E5DD49CBE5D /* libPods-MedicalTech.a in Frameworks */,
			);
			runOnlyForDeploymentPostprocessing = 0;
		};
		96F1333C1D2642B70097A7D3 /* Frameworks */ = {
			isa = PBXFrameworksBuildPhase;
			buildActionMask = 2147483647;
			files = (
				35814269906F36F5C4FC10D8 /* libPods-MedicalTechTests.a in Frameworks */,
			);
			runOnlyForDeploymentPostprocessing = 0;
		};
		96F133471D2642B70097A7D3 /* Frameworks */ = {
			isa = PBXFrameworksBuildPhase;
			buildActionMask = 2147483647;
			files = (
				D0B4E5C4FDB0A5A642E32713 /* libPods-MedicalTechUITests.a in Frameworks */,
			);
			runOnlyForDeploymentPostprocessing = 0;
		};
/* End PBXFrameworksBuildPhase section */

/* Begin PBXGroup section */
		7826773AA5861A4734FF2900 /* Pods */ = {
			isa = PBXGroup;
			children = (
				AB025E3C502BAE8040654D12 /* Pods-MedicalTech.debug.xcconfig */,
				F9C53D8AC4A7CA87352F20C9 /* Pods-MedicalTech.release.xcconfig */,
				326EDC0A220671CB02F976FA /* Pods-MedicalTechTests.debug.xcconfig */,
				63968919CBCB57FC9520AB6C /* Pods-MedicalTechTests.release.xcconfig */,
				02EA0539DC719DA1C1FCEB41 /* Pods-MedicalTechUITests.debug.xcconfig */,
				3682874EF0D1B41673A15DFA /* Pods-MedicalTechUITests.release.xcconfig */,
			);
			name = Pods;
			sourceTree = "<group>";
		};
		960BFC471D5448F5006AE57E /* MBProgressTips */ = {
			isa = PBXGroup;
			children = (
				960BFC481D544926006AE57E /* MBProgressUtil.h */,
				960BFC491D544926006AE57E /* MBProgressUtil.m */,
			);
			name = MBProgressTips;
			sourceTree = "<group>";
		};
		960DCD591D62EC8300236868 /* MyCourse */ = {
			isa = PBXGroup;
			children = (
				960DCD5A1D62ECC000236868 /* MyCourseViewController.h */,
				960DCD5B1D62ECC000236868 /* MyCourseViewController.m */,
				960DCD601D62F47E00236868 /* MyCourseTableViewCell.h */,
				960DCD611D62F47E00236868 /* MyCourseTableViewCell.m */,
				96EB5D991D6434DF00DCEA6B /* CourseDetailViewController.h */,
				96EB5D9A1D6434DF00DCEA6B /* CourseDetailViewController.m */,
				965620841D6AAA3900735A59 /* CourseDetailTableViewCell.h */,
				965620851D6AAA3900735A59 /* CourseDetailTableViewCell.m */,
			);
			name = MyCourse;
			sourceTree = "<group>";
		};
		96182AB61D51D35B004A1A37 /* Service */ = {
			isa = PBXGroup;
			children = (
				96182ABA1D51D466004A1A37 /* SMSService.h */,
				96182ABB1D51D466004A1A37 /* SMSService.m */,
				96182ABD1D51D79F004A1A37 /* RegisterService.h */,
				96182ABE1D51D79F004A1A37 /* RegisterService.m */,
				960CE8BD1D61AC9B00DF4E32 /* AdvService.h */,
				960CE8BE1D61AC9B00DF4E32 /* AdvService.m */,
				960CE8C01D61B10000DF4E32 /* CourseMovieListService.h */,
				960CE8C11D61B10000DF4E32 /* CourseMovieListService.m */,
				960DCD5D1D62F1D800236868 /* MyCourseService.h */,
				960DCD5E1D62F1D800236868 /* MyCourseService.m */,
				9671A79C1D659FEF00FB28EC /* SignService.h */,
				9671A79D1D659FEF00FB28EC /* SignService.m */,
				96C8D1C81D66BF2800E12465 /* UserInfoService.h */,
				96C8D1C91D66BF2800E12465 /* UserInfoService.m */,
				96C8D1CB1D66F78C00E12465 /* LoginService.h */,
				96C8D1CC1D66F78C00E12465 /* LoginService.m */,
				966285AA1D6EA589006F06FC /* InboxService.h */,
				966285AB1D6EA589006F06FC /* InboxService.m */,
			);
			name = Service;
			sourceTree = "<group>";
		};
		961BFF0C1D508ADA009A835E /* Login */ = {
			isa = PBXGroup;
			children = (
				96182AB01D51C529004A1A37 /* LoginNavigationController.h */,
				96182AB11D51C529004A1A37 /* LoginNavigationController.m */,
				960DBFEB1D48568000B96D00 /* LoginViewController.h */,
				960DBFEC1D48568000B96D00 /* LoginViewController.m */,
				96182AB31D51C53B004A1A37 /* ResetPasswordViewController.h */,
				96182AB41D51C53B004A1A37 /* ResetPasswordViewController.m */,
				961BFF111D508B8A009A835E /* GetSmsViewController.h */,
				961BFF121D508B8A009A835E /* GetSmsViewController.m */,
				961BFF141D50922F009A835E /* SetPasswordViewController.h */,
				961BFF151D50922F009A835E /* SetPasswordViewController.m */,
				961BFF171D50923D009A835E /* LinkCodeViewController.h */,
				961BFF181D50923D009A835E /* LinkCodeViewController.m */,
			);
			name = Login;
			sourceTree = "<group>";
		};
		961BFF0D1D508B08009A835E /* Index */ = {
			isa = PBXGroup;
			children = (
				96F1335C1D2643280097A7D3 /* IndexViewController.h */,
				96F1335D1D2643280097A7D3 /* IndexViewController.m */,
				9687F72E1D3218F60037AAEA /* PlatformTableViewCell.h */,
				9687F72F1D3218F60037AAEA /* PlatformTableViewCell.m */,
				96879A4F1D3687FB000B8262 /* StudyCollectionViewCell.h */,
				96879A501D3687FB000B8262 /* StudyCollectionViewCell.m */,
			);
			name = Index;
			sourceTree = "<group>";
		};
		961BFF0E1D508B23009A835E /* Subject */ = {
			isa = PBXGroup;
			children = (
				9695DDFE1D392B3900BAE7C2 /* SubjectViewController.h */,
				9695DDFF1D392B3900BAE7C2 /* SubjectViewController.m */,
				968D36CA1D3E6C74000E1102 /* TitleCollectionViewCell.h */,
				968D36CB1D3E6C74000E1102 /* TitleCollectionViewCell.m */,
				968D36CD1D3F1A8D000E1102 /* ContentCollectionViewCell.h */,
				968D36CE1D3F1A8D000E1102 /* ContentCollectionViewCell.m */,
			);
			name = Subject;
			sourceTree = "<group>";
		};
		961BFF0F1D508B3D009A835E /* Player */ = {
			isa = PBXGroup;
			children = (
				96A132E81D3FAC410000699D /* PlayerViewController.h */,
				96A132E91D3FAC410000699D /* PlayerViewController.m */,
				960DCD561D62CB2100236868 /* RelatedCollectionViewCell.h */,
				960DCD571D62CB2100236868 /* RelatedCollectionViewCell.m */,
			);
			name = Player;
			sourceTree = "<group>";
		};
		961BFF101D508B50009A835E /* Drawer */ = {
			isa = PBXGroup;
			children = (
				96E50DFE1D47183E0052BF64 /* LeftSideViewController.h */,
				96E50DFF1D47183E0052BF64 /* LeftSideViewController.m */,
				96EB5D941D63F7F000DCEA6B /* LeftMenu */,
			);
			name = Drawer;
			sourceTree = "<group>";
		};
		9648E05E1D2E01D700A3A90E /* KNBannerView */ = {
			isa = PBXGroup;
			children = (
				9648E05F1D2E020300A3A90E /* KNBannerView.h */,
				9648E0601D2E020300A3A90E /* KNBannerView.m */,
				9648E0611D2E020300A3A90E /* KNCollectionViewCell.h */,
				9648E0621D2E020300A3A90E /* KNCollectionViewCell.m */,
				9648E0631D2E020300A3A90E /* KNJudgementTool.h */,
				9648E0641D2E020300A3A90E /* KNJudgementTool.m */,
				9648E0651D2E020300A3A90E /* NSData+KNCache.h */,
				9648E0661D2E020300A3A90E /* NSData+KNCache.m */,
				9648E0671D2E020300A3A90E /* NSString+hash.h */,
				9648E0681D2E020300A3A90E /* NSString+hash.m */,
				9648E0691D2E020300A3A90E /* UIView+Extension.h */,
				9648E06A1D2E020300A3A90E /* UIView+Extension.m */,
			);
			name = KNBannerView;
			sourceTree = "<group>";
		};
		96A077BF1D28DFDF0089C0A9 /* HMSegmentedControl */ = {
			isa = PBXGroup;
			children = (
				96A077C61D28E0450089C0A9 /* HMSegmentedControl.h */,
				96A077C71D28E0450089C0A9 /* HMSegmentedControl.m */,
			);
			name = HMSegmentedControl;
			sourceTree = "<group>";
		};
		96EB5D941D63F7F000DCEA6B /* LeftMenu */ = {
			isa = PBXGroup;
			children = (
				96EB5D951D63F82100DCEA6B /* SettingsViewController.h */,
				96EB5D961D63F82100DCEA6B /* SettingsViewController.m */,
				964EB7851D6C03B900CADC2E /* InboxViewController.h */,
				964EB7861D6C03B900CADC2E /* InboxViewController.m */,
				966285AD1D6EC321006F06FC /* MessageTableViewCell.h */,
				966285AE1D6EC321006F06FC /* MessageTableViewCell.m */,
			);
			name = LeftMenu;
			sourceTree = "<group>";
		};
		96F1331D1D2642B70097A7D3 = {
			isa = PBXGroup;
			children = (
				96F133281D2642B70097A7D3 /* MedicalTech */,
				96F133421D2642B70097A7D3 /* MedicalTechTests */,
				96F1334D1D2642B70097A7D3 /* MedicalTechUITests */,
				96F133271D2642B70097A7D3 /* Products */,
				7826773AA5861A4734FF2900 /* Pods */,
				DA4BB11662673C523406D85A /* Frameworks */,
			);
			sourceTree = "<group>";
		};
		96F133271D2642B70097A7D3 /* Products */ = {
			isa = PBXGroup;
			children = (
				96F133261D2642B70097A7D3 /* MedicalTech.app */,
				96F1333F1D2642B70097A7D3 /* MedicalTechTests.xctest */,
				96F1334A1D2642B70097A7D3 /* MedicalTechUITests.xctest */,
			);
			name = Products;
			sourceTree = "<group>";
		};
		96F133281D2642B70097A7D3 /* MedicalTech */ = {
			isa = PBXGroup;
			children = (
				9648E0711D2E043D00A3A90E /* PrefixHeader.pch */,
				960BFC471D5448F5006AE57E /* MBProgressTips */,
				961BFF101D508B50009A835E /* Drawer */,
				961BFF0F1D508B3D009A835E /* Player */,
				961BFF0E1D508B23009A835E /* Subject */,
				960DCD591D62EC8300236868 /* MyCourse */,
				961BFF0D1D508B08009A835E /* Index */,
				961BFF0C1D508ADA009A835E /* Login */,
				96182AB61D51D35B004A1A37 /* Service */,
				9648E05E1D2E01D700A3A90E /* KNBannerView */,
				96A077BF1D28DFDF0089C0A9 /* HMSegmentedControl */,
				96F1332C1D2642B70097A7D3 /* AppDelegate.h */,
				96F1332D1D2642B70097A7D3 /* AppDelegate.m */,
				964EB7881D6C21B700CADC2E /* MainNavigationController.h */,
				964EB7891D6C21B700CADC2E /* MainNavigationController.m */,
				96F133321D2642B70097A7D3 /* Main.storyboard */,
				96F133351D2642B70097A7D3 /* Assets.xcassets */,
				96F133371D2642B70097A7D3 /* LaunchScreen.storyboard */,
				96F1333A1D2642B70097A7D3 /* Info.plist */,
				96F133291D2642B70097A7D3 /* Supporting Files */,
				968A11321D33E01E00FEDDD4 /* UnicodeToNSStringUtil.h */,
				968A11331D33E01E00FEDDD4 /* UnicodeToNSStringUtil.m */,
			);
			path = MedicalTech;
			sourceTree = "<group>";
		};
		96F133291D2642B70097A7D3 /* Supporting Files */ = {
			isa = PBXGroup;
			children = (
				96F1332A1D2642B70097A7D3 /* main.m */,
			);
			name = "Supporting Files";
			sourceTree = "<group>";
		};
		96F133421D2642B70097A7D3 /* MedicalTechTests */ = {
			isa = PBXGroup;
			children = (
				96F133431D2642B70097A7D3 /* MedicalTechTests.m */,
				96F133451D2642B70097A7D3 /* Info.plist */,
			);
			path = MedicalTechTests;
			sourceTree = "<group>";
		};
		96F1334D1D2642B70097A7D3 /* MedicalTechUITests */ = {
			isa = PBXGroup;
			children = (
				96F1334E1D2642B70097A7D3 /* MedicalTechUITests.m */,
				96F133501D2642B70097A7D3 /* Info.plist */,
			);
			path = MedicalTechUITests;
			sourceTree = "<group>";
		};
		DA4BB11662673C523406D85A /* Frameworks */ = {
			isa = PBXGroup;
			children = (
				96A077BD1D28DF080089C0A9 /* UIKit.framework */,
				96A077BB1D28DEF90089C0A9 /* QuartzCore.framework */,
				488ACB082AA353EC591E2155 /* libPods-MedicalTech.a */,
				768BFE986A470FF9755CC86B /* libPods-MedicalTechTests.a */,
				9339BD68C01B53D9EDB46908 /* libPods-MedicalTechUITests.a */,
			);
			name = Frameworks;
			sourceTree = "<group>";
		};
/* End PBXGroup section */

/* Begin PBXNativeTarget section */
		96F133251D2642B70097A7D3 /* MedicalTech */ = {
			isa = PBXNativeTarget;
			buildConfigurationList = 96F133531D2642B70097A7D3 /* Build configuration list for PBXNativeTarget "MedicalTech" */;
			buildPhases = (
				A9EAA0131FFF01C168DEB65B /* [CP] Check Pods Manifest.lock */,
				96F133221D2642B70097A7D3 /* Sources */,
				96F133231D2642B70097A7D3 /* Frameworks */,
				96F133241D2642B70097A7D3 /* Resources */,
				411490F374B21A1B71538E03 /* [CP] Embed Pods Frameworks */,
				EA1614A149092AA65B90F6EE /* [CP] Copy Pods Resources */,
			);
			buildRules = (
			);
			dependencies = (
			);
			name = MedicalTech;
			productName = MedicalTech;
			productReference = 96F133261D2642B70097A7D3 /* MedicalTech.app */;
			productType = "com.apple.product-type.application";
		};
		96F1333E1D2642B70097A7D3 /* MedicalTechTests */ = {
			isa = PBXNativeTarget;
			buildConfigurationList = 96F133561D2642B70097A7D3 /* Build configuration list for PBXNativeTarget "MedicalTechTests" */;
			buildPhases = (
				749B90CAE4B3564F9E2C56E4 /* [CP] Check Pods Manifest.lock */,
				96F1333B1D2642B70097A7D3 /* Sources */,
				96F1333C1D2642B70097A7D3 /* Frameworks */,
				96F1333D1D2642B70097A7D3 /* Resources */,
				681BB4B3AAD7E1998EC9EBEC /* [CP] Embed Pods Frameworks */,
				C18FA5F3CB8E6316328FA163 /* [CP] Copy Pods Resources */,
			);
			buildRules = (
			);
			dependencies = (
				96F133411D2642B70097A7D3 /* PBXTargetDependency */,
			);
			name = MedicalTechTests;
			productName = MedicalTechTests;
			productReference = 96F1333F1D2642B70097A7D3 /* MedicalTechTests.xctest */;
			productType = "com.apple.product-type.bundle.unit-test";
		};
		96F133491D2642B70097A7D3 /* MedicalTechUITests */ = {
			isa = PBXNativeTarget;
			buildConfigurationList = 96F133591D2642B70097A7D3 /* Build configuration list for PBXNativeTarget "MedicalTechUITests" */;
			buildPhases = (
				51B1AAD37224F37885BECED4 /* [CP] Check Pods Manifest.lock */,
				96F133461D2642B70097A7D3 /* Sources */,
				96F133471D2642B70097A7D3 /* Frameworks */,
				96F133481D2642B70097A7D3 /* Resources */,
				1F2B4D9C5DA3445F4DAFB2AD /* [CP] Copy Pods Resources */,
			);
			buildRules = (
			);
			dependencies = (
				96F1334C1D2642B70097A7D3 /* PBXTargetDependency */,
			);
			name = MedicalTechUITests;
			productName = MedicalTechUITests;
			productReference = 96F1334A1D2642B70097A7D3 /* MedicalTechUITests.xctest */;
			productType = "com.apple.product-type.bundle.ui-testing";
		};
/* End PBXNativeTarget section */

/* Begin PBXProject section */
		96F1331E1D2642B70097A7D3 /* Project object */ = {
			isa = PBXProject;
			attributes = {
				LastUpgradeCheck = 0730;
				ORGANIZATIONNAME = Jason;
				TargetAttributes = {
					96F133251D2642B70097A7D3 = {
						CreatedOnToolsVersion = 7.3.1;
						DevelopmentTeam = 97KQ7BFT43;
					};
					96F1333E1D2642B70097A7D3 = {
						CreatedOnToolsVersion = 7.3.1;
						TestTargetID = 96F133251D2642B70097A7D3;
					};
					96F133491D2642B70097A7D3 = {
						CreatedOnToolsVersion = 7.3.1;
						TestTargetID = 96F133251D2642B70097A7D3;
					};
				};
			};
			buildConfigurationList = 96F133211D2642B70097A7D3 /* Build configuration list for PBXProject "MedicalTech" */;
			compatibilityVersion = "Xcode 3.2";
			developmentRegion = English;
			hasScannedForEncodings = 0;
			knownRegions = (
				en,
				Base,
			);
			mainGroup = 96F1331D1D2642B70097A7D3;
			productRefGroup = 96F133271D2642B70097A7D3 /* Products */;
			projectDirPath = "";
			projectRoot = "";
			targets = (
				96F133251D2642B70097A7D3 /* MedicalTech */,
				96F1333E1D2642B70097A7D3 /* MedicalTechTests */,
				96F133491D2642B70097A7D3 /* MedicalTechUITests */,
			);
		};
/* End PBXProject section */

/* Begin PBXResourcesBuildPhase section */
		96F133241D2642B70097A7D3 /* Resources */ = {
			isa = PBXResourcesBuildPhase;
			buildActionMask = 2147483647;
			files = (
				96F133391D2642B70097A7D3 /* LaunchScreen.storyboard in Resources */,
				96F133361D2642B70097A7D3 /* Assets.xcassets in Resources */,
				96F133341D2642B70097A7D3 /* Main.storyboard in Resources */,
			);
			runOnlyForDeploymentPostprocessing = 0;
		};
		96F1333D1D2642B70097A7D3 /* Resources */ = {
			isa = PBXResourcesBuildPhase;
			buildActionMask = 2147483647;
			files = (
			);
			runOnlyForDeploymentPostprocessing = 0;
		};
		96F133481D2642B70097A7D3 /* Resources */ = {
			isa = PBXResourcesBuildPhase;
			buildActionMask = 2147483647;
			files = (
			);
			runOnlyForDeploymentPostprocessing = 0;
		};
/* End PBXResourcesBuildPhase section */

/* Begin PBXShellScriptBuildPhase section */
		1F2B4D9C5DA3445F4DAFB2AD /* [CP] Copy Pods Resources */ = {
			isa = PBXShellScriptBuildPhase;
			buildActionMask = 2147483647;
			files = (
			);
			inputPaths = (
			);
			name = "[CP] Copy Pods Resources";
			outputPaths = (
			);
			runOnlyForDeploymentPostprocessing = 0;
			shellPath = /bin/sh;
			shellScript = "\"${SRCROOT}/Pods/Target Support Files/Pods-MedicalTechUITests/Pods-MedicalTechUITests-resources.sh\"\n";
			showEnvVarsInLog = 0;
		};
		411490F374B21A1B71538E03 /* [CP] Embed Pods Frameworks */ = {
			isa = PBXShellScriptBuildPhase;
			buildActionMask = 2147483647;
			files = (
			);
			inputPaths = (
			);
			name = "[CP] Embed Pods Frameworks";
			outputPaths = (
			);
			runOnlyForDeploymentPostprocessing = 0;
			shellPath = /bin/sh;
			shellScript = "\"${SRCROOT}/Pods/Target Support Files/Pods-MedicalTech/Pods-MedicalTech-frameworks.sh\"\n";
			showEnvVarsInLog = 0;
		};
		51B1AAD37224F37885BECED4 /* [CP] Check Pods Manifest.lock */ = {
			isa = PBXShellScriptBuildPhase;
			buildActionMask = 2147483647;
			files = (
			);
			inputPaths = (
			);
			name = "[CP] Check Pods Manifest.lock";
			outputPaths = (
			);
			runOnlyForDeploymentPostprocessing = 0;
			shellPath = /bin/sh;
			shellScript = "diff \"${PODS_ROOT}/../Podfile.lock\" \"${PODS_ROOT}/Manifest.lock\" > /dev/null\nif [[ $? != 0 ]] ; then\n    cat << EOM\nerror: The sandbox is not in sync with the Podfile.lock. Run 'pod install' or update your CocoaPods installation.\nEOM\n    exit 1\nfi\n";
			showEnvVarsInLog = 0;
		};
		681BB4B3AAD7E1998EC9EBEC /* [CP] Embed Pods Frameworks */ = {
			isa = PBXShellScriptBuildPhase;
			buildActionMask = 2147483647;
			files = (
			);
			inputPaths = (
			);
			name = "[CP] Embed Pods Frameworks";
			outputPaths = (
			);
			runOnlyForDeploymentPostprocessing = 0;
			shellPath = /bin/sh;
			shellScript = "\"${SRCROOT}/Pods/Target Support Files/Pods-MedicalTechTests/Pods-MedicalTechTests-frameworks.sh\"\n";
			showEnvVarsInLog = 0;
		};
		749B90CAE4B3564F9E2C56E4 /* [CP] Check Pods Manifest.lock */ = {
			isa = PBXShellScriptBuildPhase;
			buildActionMask = 2147483647;
			files = (
			);
			inputPaths = (
			);
			name = "[CP] Check Pods Manifest.lock";
			outputPaths = (
			);
			runOnlyForDeploymentPostprocessing = 0;
			shellPath = /bin/sh;
			shellScript = "diff \"${PODS_ROOT}/../Podfile.lock\" \"${PODS_ROOT}/Manifest.lock\" > /dev/null\nif [[ $? != 0 ]] ; then\n    cat << EOM\nerror: The sandbox is not in sync with the Podfile.lock. Run 'pod install' or update your CocoaPods installation.\nEOM\n    exit 1\nfi\n";
			showEnvVarsInLog = 0;
		};
		A9EAA0131FFF01C168DEB65B /* [CP] Check Pods Manifest.lock */ = {
			isa = PBXShellScriptBuildPhase;
			buildActionMask = 2147483647;
			files = (
			);
			inputPaths = (
			);
			name = "[CP] Check Pods Manifest.lock";
			outputPaths = (
			);
			runOnlyForDeploymentPostprocessing = 0;
			shellPath = /bin/sh;
			shellScript = "diff \"${PODS_ROOT}/../Podfile.lock\" \"${PODS_ROOT}/Manifest.lock\" > /dev/null\nif [[ $? != 0 ]] ; then\n    cat << EOM\nerror: The sandbox is not in sync with the Podfile.lock. Run 'pod install' or update your CocoaPods installation.\nEOM\n    exit 1\nfi\n";
			showEnvVarsInLog = 0;
		};
		C18FA5F3CB8E6316328FA163 /* [CP] Copy Pods Resources */ = {
			isa = PBXShellScriptBuildPhase;
			buildActionMask = 2147483647;
			files = (
			);
			inputPaths = (
			);
			name = "[CP] Copy Pods Resources";
			outputPaths = (
			);
			runOnlyForDeploymentPostprocessing = 0;
			shellPath = /bin/sh;
			shellScript = "\"${SRCROOT}/Pods/Target Support Files/Pods-MedicalTechTests/Pods-MedicalTechTests-resources.sh\"\n";
			showEnvVarsInLog = 0;
		};
		EA1614A149092AA65B90F6EE /* [CP] Copy Pods Resources */ = {
			isa = PBXShellScriptBuildPhase;
			buildActionMask = 2147483647;
			files = (
			);
			inputPaths = (
			);
			name = "[CP] Copy Pods Resources";
			outputPaths = (
			);
			runOnlyForDeploymentPostprocessing = 0;
			shellPath = /bin/sh;
			shellScript = "\"${SRCROOT}/Pods/Target Support Files/Pods-MedicalTech/Pods-MedicalTech-resources.sh\"\n";
			showEnvVarsInLog = 0;
		};
/* End PBXShellScriptBuildPhase section */

/* Begin PBXSourcesBuildPhase section */
		96F133221D2642B70097A7D3 /* Sources */ = {
			isa = PBXSourcesBuildPhase;
			buildActionMask = 2147483647;
			files = (
				96879A511D3687FB000B8262 /* StudyCollectionViewCell.m in Sources */,
				96182AB51D51C53B004A1A37 /* ResetPasswordViewController.m in Sources */,
				9671A79E1D659FEF00FB28EC /* SignService.m in Sources */,
				96F1332E1D2642B70097A7D3 /* AppDelegate.m in Sources */,
				96E50E001D47183E0052BF64 /* LeftSideViewController.m in Sources */,
				965620861D6AAA3900735A59 /* CourseDetailTableViewCell.m in Sources */,
				968D36CF1D3F1A8D000E1102 /* ContentCollectionViewCell.m in Sources */,
				960DBFED1D48568000B96D00 /* LoginViewController.m in Sources */,
				966285AC1D6EA589006F06FC /* InboxService.m in Sources */,
				96F1332B1D2642B70097A7D3 /* main.m in Sources */,
				96182ABC1D51D466004A1A37 /* SMSService.m in Sources */,
				9648E0701D2E020300A3A90E /* UIView+Extension.m in Sources */,
				960DCD5C1D62ECC000236868 /* MyCourseViewController.m in Sources */,
				9648E06E1D2E020300A3A90E /* NSData+KNCache.m in Sources */,
				96F1335E1D2643280097A7D3 /* IndexViewController.m in Sources */,
				961BFF191D50923D009A835E /* LinkCodeViewController.m in Sources */,
				960BFC4A1D544926006AE57E /* MBProgressUtil.m in Sources */,
				9648E06C1D2E020300A3A90E /* KNCollectionViewCell.m in Sources */,
				960DCD621D62F47E00236868 /* MyCourseTableViewCell.m in Sources */,
				964EB7871D6C03B900CADC2E /* InboxViewController.m in Sources */,
				96A077C81D28E0450089C0A9 /* HMSegmentedControl.m in Sources */,
				96C8D1CA1D66BF2800E12465 /* UserInfoService.m in Sources */,
				960DCD581D62CB2100236868 /* RelatedCollectionViewCell.m in Sources */,
				9648E06D1D2E020300A3A90E /* KNJudgementTool.m in Sources */,
				9648E06B1D2E020300A3A90E /* KNBannerView.m in Sources */,
				9687F7301D3218F60037AAEA /* PlatformTableViewCell.m in Sources */,
				96EB5D9B1D6434DF00DCEA6B /* CourseDetailViewController.m in Sources */,
				960CE8C21D61B10000DF4E32 /* CourseMovieListService.m in Sources */,
				96C8D1CD1D66F78C00E12465 /* LoginService.m in Sources */,
				960DCD5F1D62F1D800236868 /* MyCourseService.m in Sources */,
				966285AF1D6EC321006F06FC /* MessageTableViewCell.m in Sources */,
				9648E06F1D2E020300A3A90E /* NSString+hash.m in Sources */,
				961BFF161D50922F009A835E /* SetPasswordViewController.m in Sources */,
				964EB78A1D6C21B700CADC2E /* MainNavigationController.m in Sources */,
				968D36CC1D3E6C74000E1102 /* TitleCollectionViewCell.m in Sources */,
				96EB5D971D63F82100DCEA6B /* SettingsViewController.m in Sources */,
				960CE8BF1D61AC9B00DF4E32 /* AdvService.m in Sources */,
				96182ABF1D51D79F004A1A37 /* RegisterService.m in Sources */,
				968A11341D33E01E00FEDDD4 /* UnicodeToNSStringUtil.m in Sources */,
				961BFF131D508B8A009A835E /* GetSmsViewController.m in Sources */,
				96182AB21D51C529004A1A37 /* LoginNavigationController.m in Sources */,
				9695DE001D392B3900BAE7C2 /* SubjectViewController.m in Sources */,
				96A132EA1D3FAC410000699D /* PlayerViewController.m in Sources */,
			);
			runOnlyForDeploymentPostprocessing = 0;
		};
		96F1333B1D2642B70097A7D3 /* Sources */ = {
			isa = PBXSourcesBuildPhase;
			buildActionMask = 2147483647;
			files = (
				96F133441D2642B70097A7D3 /* MedicalTechTests.m in Sources */,
			);
			runOnlyForDeploymentPostprocessing = 0;
		};
		96F133461D2642B70097A7D3 /* Sources */ = {
			isa = PBXSourcesBuildPhase;
			buildActionMask = 2147483647;
			files = (
				96F1334F1D2642B70097A7D3 /* MedicalTechUITests.m in Sources */,
			);
			runOnlyForDeploymentPostprocessing = 0;
		};
/* End PBXSourcesBuildPhase section */

/* Begin PBXTargetDependency section */
		96F133411D2642B70097A7D3 /* PBXTargetDependency */ = {
			isa = PBXTargetDependency;
			target = 96F133251D2642B70097A7D3 /* MedicalTech */;
			targetProxy = 96F133401D2642B70097A7D3 /* PBXContainerItemProxy */;
		};
		96F1334C1D2642B70097A7D3 /* PBXTargetDependency */ = {
			isa = PBXTargetDependency;
			target = 96F133251D2642B70097A7D3 /* MedicalTech */;
			targetProxy = 96F1334B1D2642B70097A7D3 /* PBXContainerItemProxy */;
		};
/* End PBXTargetDependency section */

/* Begin PBXVariantGroup section */
		96F133321D2642B70097A7D3 /* Main.storyboard */ = {
			isa = PBXVariantGroup;
			children = (
				96F133331D2642B70097A7D3 /* Base */,
			);
			name = Main.storyboard;
			sourceTree = "<group>";
		};
		96F133371D2642B70097A7D3 /* LaunchScreen.storyboard */ = {
			isa = PBXVariantGroup;
			children = (
				96F133381D2642B70097A7D3 /* Base */,
			);
			name = LaunchScreen.storyboard;
			sourceTree = "<group>";
		};
/* End PBXVariantGroup section */

/* Begin XCBuildConfiguration section */
		96F133511D2642B70097A7D3 /* Debug */ = {
			isa = XCBuildConfiguration;
			buildSettings = {
				ALWAYS_SEARCH_USER_PATHS = NO;
				CLANG_ANALYZER_NONNULL = YES;
				CLANG_CXX_LANGUAGE_STANDARD = "gnu++0x";
				CLANG_CXX_LIBRARY = "libc++";
				CLANG_ENABLE_MODULES = YES;
				CLANG_ENABLE_OBJC_ARC = YES;
				CLANG_WARN_BOOL_CONVERSION = YES;
				CLANG_WARN_CONSTANT_CONVERSION = YES;
				CLANG_WARN_DIRECT_OBJC_ISA_USAGE = YES_ERROR;
				CLANG_WARN_EMPTY_BODY = YES;
				CLANG_WARN_ENUM_CONVERSION = YES;
				CLANG_WARN_INT_CONVERSION = YES;
				CLANG_WARN_OBJC_ROOT_CLASS = YES_ERROR;
				CLANG_WARN_UNREACHABLE_CODE = YES;
				CLANG_WARN__DUPLICATE_METHOD_MATCH = YES;
				"CODE_SIGN_IDENTITY[sdk=iphoneos*]" = "iPhone Developer";
				COPY_PHASE_STRIP = NO;
				DEBUG_INFORMATION_FORMAT = dwarf;
				ENABLE_STRICT_OBJC_MSGSEND = YES;
				ENABLE_TESTABILITY = YES;
				GCC_C_LANGUAGE_STANDARD = gnu99;
				GCC_DYNAMIC_NO_PIC = NO;
				GCC_NO_COMMON_BLOCKS = YES;
				GCC_OPTIMIZATION_LEVEL = 0;
				GCC_PREPROCESSOR_DEFINITIONS = (
					"DEBUG=1",
					"$(inherited)",
				);
				GCC_WARN_64_TO_32_BIT_CONVERSION = YES;
				GCC_WARN_ABOUT_RETURN_TYPE = YES_ERROR;
				GCC_WARN_UNDECLARED_SELECTOR = YES;
				GCC_WARN_UNINITIALIZED_AUTOS = YES_AGGRESSIVE;
				GCC_WARN_UNUSED_FUNCTION = YES;
				GCC_WARN_UNUSED_VARIABLE = YES;
				IPHONEOS_DEPLOYMENT_TARGET = 9.3;
				MTL_ENABLE_DEBUG_INFO = YES;
				ONLY_ACTIVE_ARCH = YES;
				OTHER_LDFLAGS = "";
				SDKROOT = iphoneos;
				TARGETED_DEVICE_FAMILY = "1,2";
				VALID_ARCHS = "armv7 armv7s arm64";
			};
			name = Debug;
		};
		96F133521D2642B70097A7D3 /* Release */ = {
			isa = XCBuildConfiguration;
			buildSettings = {
				ALWAYS_SEARCH_USER_PATHS = NO;
				CLANG_ANALYZER_NONNULL = YES;
				CLANG_CXX_LANGUAGE_STANDARD = "gnu++0x";
				CLANG_CXX_LIBRARY = "libc++";
				CLANG_ENABLE_MODULES = YES;
				CLANG_ENABLE_OBJC_ARC = YES;
				CLANG_WARN_BOOL_CONVERSION = YES;
				CLANG_WARN_CONSTANT_CONVERSION = YES;
				CLANG_WARN_DIRECT_OBJC_ISA_USAGE = YES_ERROR;
				CLANG_WARN_EMPTY_BODY = YES;
				CLANG_WARN_ENUM_CONVERSION = YES;
				CLANG_WARN_INT_CONVERSION = YES;
				CLANG_WARN_OBJC_ROOT_CLASS = YES_ERROR;
				CLANG_WARN_UNREACHABLE_CODE = YES;
				CLANG_WARN__DUPLICATE_METHOD_MATCH = YES;
				"CODE_SIGN_IDENTITY[sdk=iphoneos*]" = "iPhone Developer";
				COPY_PHASE_STRIP = NO;
				DEBUG_INFORMATION_FORMAT = "dwarf-with-dsym";
				ENABLE_NS_ASSERTIONS = NO;
				ENABLE_STRICT_OBJC_MSGSEND = YES;
				GCC_C_LANGUAGE_STANDARD = gnu99;
				GCC_NO_COMMON_BLOCKS = YES;
				GCC_WARN_64_TO_32_BIT_CONVERSION = YES;
				GCC_WARN_ABOUT_RETURN_TYPE = YES_ERROR;
				GCC_WARN_UNDECLARED_SELECTOR = YES;
				GCC_WARN_UNINITIALIZED_AUTOS = YES_AGGRESSIVE;
				GCC_WARN_UNUSED_FUNCTION = YES;
				GCC_WARN_UNUSED_VARIABLE = YES;
				IPHONEOS_DEPLOYMENT_TARGET = 9.3;
				MTL_ENABLE_DEBUG_INFO = NO;
				ONLY_ACTIVE_ARCH = YES;
				OTHER_LDFLAGS = "";
				SDKROOT = iphoneos;
				TARGETED_DEVICE_FAMILY = "1,2";
				VALIDATE_PRODUCT = YES;
				VALID_ARCHS = "armv7 armv7s arm64";
			};
			name = Release;
		};
		96F133541D2642B70097A7D3 /* Debug */ = {
			isa = XCBuildConfiguration;
			baseConfigurationReference = AB025E3C502BAE8040654D12 /* Pods-MedicalTech.debug.xcconfig */;
			buildSettings = {
				ASSETCATALOG_COMPILER_APPICON_NAME = AppIcon;
				CODE_SIGN_IDENTITY = "iPhone Developer";
				"CODE_SIGN_IDENTITY[sdk=iphoneos*]" = "iPhone Developer";
				GCC_PRECOMPILE_PREFIX_HEADER = YES;
				GCC_PREFIX_HEADER = "$(SRCROOT)/MedicalTech/PrefixHeader.pch";
				INFOPLIST_FILE = MedicalTech/Info.plist;
				LD_RUNPATH_SEARCH_PATHS = "$(inherited) @executable_path/Frameworks";
				ONLY_ACTIVE_ARCH = YES;
				OTHER_LDFLAGS = (
					"$(inherited)",
					"-ObjC",
				);
				PRODUCT_BUNDLE_IDENTIFIER = org.jason.MedicalTech;
				PRODUCT_NAME = "$(TARGET_NAME)";
				PROVISIONING_PROFILE = "";
				TARGETED_DEVICE_FAMILY = 1;
				VALID_ARCHS = "armv7 armv7s arm64";
			};
			name = Debug;
		};
		96F133551D2642B70097A7D3 /* Release */ = {
			isa = XCBuildConfiguration;
			baseConfigurationReference = F9C53D8AC4A7CA87352F20C9 /* Pods-MedicalTech.release.xcconfig */;
			buildSettings = {
				ASSETCATALOG_COMPILER_APPICON_NAME = AppIcon;
				CODE_SIGN_IDENTITY = "iPhone Developer";
				"CODE_SIGN_IDENTITY[sdk=iphoneos*]" = "iPhone Developer";
				GCC_PRECOMPILE_PREFIX_HEADER = YES;
				GCC_PREFIX_HEADER = "$(SRCROOT)/MedicalTech/PrefixHeader.pch";
				INFOPLIST_FILE = MedicalTech/Info.plist;
				LD_RUNPATH_SEARCH_PATHS = "$(inherited) @executable_path/Frameworks";
				ONLY_ACTIVE_ARCH = YES;
				OTHER_LDFLAGS = (
					"$(inherited)",
					"-ObjC",
				);
				PRODUCT_BUNDLE_IDENTIFIER = org.jason.MedicalTech;
				PRODUCT_NAME = "$(TARGET_NAME)";
				PROVISIONING_PROFILE = "";
				TARGETED_DEVICE_FAMILY = 1;
				VALID_ARCHS = "armv7 armv7s arm64";
			};
			name = Release;
		};
		96F133571D2642B70097A7D3 /* Debug */ = {
			isa = XCBuildConfiguration;
			baseConfigurationReference = 326EDC0A220671CB02F976FA /* Pods-MedicalTechTests.debug.xcconfig */;
			buildSettings = {
				BUNDLE_LOADER = "$(TEST_HOST)";
				INFOPLIST_FILE = MedicalTechTests/Info.plist;
				LD_RUNPATH_SEARCH_PATHS = "$(inherited) @executable_path/Frameworks @loader_path/Frameworks";
				PRODUCT_BUNDLE_IDENTIFIER = org.jason.MedicalTechTests;
				PRODUCT_NAME = "$(TARGET_NAME)";
				TEST_HOST = "$(BUILT_PRODUCTS_DIR)/MedicalTech.app/MedicalTech";
			};
			name = Debug;
		};
		96F133581D2642B70097A7D3 /* Release */ = {
			isa = XCBuildConfiguration;
			baseConfigurationReference = 63968919CBCB57FC9520AB6C /* Pods-MedicalTechTests.release.xcconfig */;
			buildSettings = {
				BUNDLE_LOADER = "$(TEST_HOST)";
				INFOPLIST_FILE = MedicalTechTests/Info.plist;
				LD_RUNPATH_SEARCH_PATHS = "$(inherited) @executable_path/Frameworks @loader_path/Frameworks";
				PRODUCT_BUNDLE_IDENTIFIER = org.jason.MedicalTechTests;
				PRODUCT_NAME = "$(TARGET_NAME)";
				TEST_HOST = "$(BUILT_PRODUCTS_DIR)/MedicalTech.app/MedicalTech";
			};
			name = Release;
		};
		96F1335A1D2642B70097A7D3 /* Debug */ = {
			isa = XCBuildConfiguration;
			baseConfigurationReference = 02EA0539DC719DA1C1FCEB41 /* Pods-MedicalTechUITests.debug.xcconfig */;
			buildSettings = {
				INFOPLIST_FILE = MedicalTechUITests/Info.plist;
				LD_RUNPATH_SEARCH_PATHS = "$(inherited) @executable_path/Frameworks @loader_path/Frameworks";
				PRODUCT_BUNDLE_IDENTIFIER = org.jason.MedicalTechUITests;
				PRODUCT_NAME = "$(TARGET_NAME)";
				TEST_TARGET_NAME = MedicalTech;
			};
			name = Debug;
		};
		96F1335B1D2642B70097A7D3 /* Release */ = {
			isa = XCBuildConfiguration;
			baseConfigurationReference = 3682874EF0D1B41673A15DFA /* Pods-MedicalTechUITests.release.xcconfig */;
			buildSettings = {
				INFOPLIST_FILE = MedicalTechUITests/Info.plist;
				LD_RUNPATH_SEARCH_PATHS = "$(inherited) @executable_path/Frameworks @loader_path/Frameworks";
				PRODUCT_BUNDLE_IDENTIFIER = org.jason.MedicalTechUITests;
				PRODUCT_NAME = "$(TARGET_NAME)";
				TEST_TARGET_NAME = MedicalTech;
			};
			name = Release;
		};
/* End XCBuildConfiguration section */

/* Begin XCConfigurationList section */
		96F133211D2642B70097A7D3 /* Build configuration list for PBXProject "MedicalTech" */ = {
			isa = XCConfigurationList;
			buildConfigurations = (
				96F133511D2642B70097A7D3 /* Debug */,
				96F133521D2642B70097A7D3 /* Release */,
			);
			defaultConfigurationIsVisible = 0;
			defaultConfigurationName = Release;
		};
		96F133531D2642B70097A7D3 /* Build configuration list for PBXNativeTarget "MedicalTech" */ = {
			isa = XCConfigurationList;
			buildConfigurations = (
				96F133541D2642B70097A7D3 /* Debug */,
				96F133551D2642B70097A7D3 /* Release */,
			);
			defaultConfigurationIsVisible = 0;
			defaultConfigurationName = Release;
		};
		96F133561D2642B70097A7D3 /* Build configuration list for PBXNativeTarget "MedicalTechTests" */ = {
			isa = XCConfigurationList;
			buildConfigurations = (
				96F133571D2642B70097A7D3 /* Debug */,
				96F133581D2642B70097A7D3 /* Release */,
			);
			defaultConfigurationIsVisible = 0;
			defaultConfigurationName = Release;
		};
		96F133591D2642B70097A7D3 /* Build configuration list for PBXNativeTarget "MedicalTechUITests" */ = {
			isa = XCConfigurationList;
			buildConfigurations = (
				96F1335A1D2642B70097A7D3 /* Debug */,
				96F1335B1D2642B70097A7D3 /* Release */,
			);
			defaultConfigurationIsVisible = 0;
			defaultConfigurationName = Release;
		};
/* End XCConfigurationList section */
	};
	rootObject = 96F1331E1D2642B70097A7D3 /* Project object */;
}
